Microsoft Visual Studio Solution File, Format Version 12.00
# Visual Studio Version 17
VisualStudioVersion = 17.5.2.0
MinimumVisualStudioVersion = 10.0.40219.1
Project("{FAE04EC0-301F-11D3-BF4B-00C04F79EFBC}") = "HighscoresApi", "HighscoresApi\HighscoresApi.csproj", "{EC6FD0BD-D841-D520-F6F7-2DC235C6F8A5}"
EndProject
Global
	GlobalSection(SolutionConfigurationPlatforms) = preSolution
		Debug|Any CPU = Debug|Any CPU
		Release|Any CPU = Release|Any CPU
	EndGlobalSection
	GlobalSection(ProjectConfigurationPlatforms) = postSolution
		{EC6FD0BD-D841-D520-F6F7-2DC235C6F8A5}.Debug|Any CPU.ActiveCfg = Debug|Any CPU
		{EC6FD0BD-D841-D520-F6F7-2DC235C6F8A5}.Debug|Any CPU.Build.0 = Debug|Any CPU
		{EC6FD0BD-D841-D520-F6F7-2DC235C6F8A5}.Release|Any CPU.ActiveCfg = Release|Any CPU
		{EC6FD0BD-D841-D520-F6F7-2DC235C6F8A5}.Release|Any CPU.Build.0 = Release|Any CPU
	EndGlobalSection
	GlobalSection(SolutionProperties) = preSolution
		HideSolutionNode = FALSE
	EndGlobalSection
	GlobalSection(ExtensibilityGlobals) = postSolution
		SolutionGuid = {3FA47911-B9EF-483C-97F8-DEE1E1B93575}
	EndGlobalSection
EndGlobal
